{
  "name": "calcite-components",
  "version": "0.0.2-0",
  "lockfileVersion": 1,
  "requires": true,
  "dependencies": {
    "@esri/calcite-base": {
      "version": "github:ArcGIS/calcite-base#5a066583da742e3c209110f9953f0990899ec6f2",
      "from": "github:ArcGIS/calcite-base"
    },
    "@esri/calcite-colors": {
      "version": "1.2.0",
      "resolved": "https://registry.npmjs.org/@esri/calcite-colors/-/calcite-colors-1.2.0.tgz",
      "integrity": "sha512-90fUcoMeJ9/dMMqVvsQg5Muyg8K4N/K8D0y/rz5NNdj27sTtI1R2/wljxoZjvPbVbn1jUDflpzEs9JrJpf9fsg=="
    },
    "@esri/calcite-ui-icons": {
      "version": "2.0.1",
      "resolved": "https://registry.npmjs.org/@esri/calcite-ui-icons/-/calcite-ui-icons-2.0.1.tgz",
      "integrity": "sha512-JCd55Ssy733DdDOoZuo6koe0FNsvtKW9sjhSIRyU7B5HCETL5LBeuye/ukE0kQcwazysq7KKVn16bHPll7fI1Q=="
    },
    "@stencil/core": {
      "version": "1.0.0-beta.5",
      "resolved": "https://registry.npmjs.org/@stencil/core/-/core-1.0.0-beta.5.tgz",
      "integrity": "sha512-rJpH57nn+E6F84HastQ8RDuhq+j5LeUey3sVW192y5VCTmHbMUfiwVgtFIUo6+BDIXagAG01rbm7WHCMTSGdSw==",
      "dev": true,
      "requires": {
        "typescript": "3.4.5"
      }
    },
    "@stencil/sass": {
      "version": "0.2.3",
      "resolved": "https://registry.npmjs.org/@stencil/sass/-/sass-0.2.3.tgz",
      "integrity": "sha512-JmS0HQVZ+TuBdk+kvNkDJPQYLjC/sc3Ionsbo7/MccdSu7JLikdQ4JOdQClDMdaMV2m4jqHjlQMpxMtOWLf7CQ==",
      "dev": true
    },
    "@stencil/state-tunnel": {
      "version": "1.0.0-1",
      "resolved": "https://registry.npmjs.org/@stencil/state-tunnel/-/state-tunnel-1.0.0-1.tgz",
      "integrity": "sha512-tjHVPItEFO7NRsDsa4gYbt1u4gPAF9GE1eeBW2QE3c1EmGb4+jq0SQjmPdsImVtIib+BRQ8ha1DjwVMBnrO0gQ==",
      "dev": true
    },
    "calcite-fonts": {
      "version": "github:ArcGIS/calcite-fonts#278f9aac7b4fde778d30ae2a7fa466c3d11a9977",
      "from": "github:ArcGIS/calcite-fonts"
    },
    "typescript": {
      "version": "3.4.5",
      "resolved": "https://registry.npmjs.org/typescript/-/typescript-3.4.5.tgz",
      "integrity": "sha512-YycBxUb49UUhdNMU5aJ7z5Ej2XGmaIBL0x34vZ82fn3hGvD+bgrMrVDpatgz2f7YxUMJxMkbWxJZeAvDxVe7Vw==",
      "dev": true
    }
  }
}
